
Microsoft Visual Studio Solution File, Format Version 12.00
# Visual Studio Version 17
VisualStudioVersion = 17.4.33205.214
MinimumVisualStudioVersion = 10.0.40219.1
Project("{FAE04EC0-301F-11D3-BF4B-00C04F79EFBC}") = "Lab24_Aksana.Patrubeika_EFComponents", "Lab24_Aksana.Patrubeika_EFComponents\Lab24_Aksana.Patrubeika_EFComponents.csproj", "{D4648D59-95CA-42CE-A8EF-1A789FAC8FF8}"
EndProject
Global
	GlobalSection(SolutionConfigurationPlatforms) = preSolution
		Debug|Any CPU = Debug|Any CPU
		Release|Any CPU = Release|Any CPU
	EndGlobalSection
	GlobalSection(ProjectConfigurationPlatforms) = postSolution
		{D4648D59-95CA-42CE-A8EF-1A789FAC8FF8}.Debug|Any CPU.ActiveCfg = Debug|Any CPU
		{D4648D59-95CA-42CE-A8EF-1A789FAC8FF8}.Debug|Any CPU.Build.0 = Debug|Any CPU
		{D4648D59-95CA-42CE-A8EF-1A789FAC8FF8}.Release|Any CPU.ActiveCfg = Release|Any CPU
		{D4648D59-95CA-42CE-A8EF-1A789FAC8FF8}.Release|Any CPU.Build.0 = Release|Any CPU
	EndGlobalSection
	GlobalSection(SolutionProperties) = preSolution
		HideSolutionNode = FALSE
	EndGlobalSection
	GlobalSection(ExtensibilityGlobals) = postSolution
		SolutionGuid = {D72BB706-3FD2-4813-8DBC-2C9091859402}
	EndGlobalSection
EndGlobal
