
Microsoft Visual Studio Solution File, Format Version 12.00
# Visual Studio Version 17
VisualStudioVersion = 17.4.33205.214
MinimumVisualStudioVersion = 10.0.40219.1
Project("{FAE04EC0-301F-11D3-BF4B-00C04F79EFBC}") = "Lab33_Aksana.Patrubeika_Multithreading", "Lab33_Aksana.Patrubeika_Multithreading\Lab33_Aksana.Patrubeika_Multithreading.csproj", "{A85E9057-7305-4FB0-AA50-BCDAE16FCB8B}"
EndProject
Global
	GlobalSection(SolutionConfigurationPlatforms) = preSolution
		Debug|Any CPU = Debug|Any CPU
		Release|Any CPU = Release|Any CPU
	EndGlobalSection
	GlobalSection(ProjectConfigurationPlatforms) = postSolution
		{A85E9057-7305-4FB0-AA50-BCDAE16FCB8B}.Debug|Any CPU.ActiveCfg = Debug|Any CPU
		{A85E9057-7305-4FB0-AA50-BCDAE16FCB8B}.Debug|Any CPU.Build.0 = Debug|Any CPU
		{A85E9057-7305-4FB0-AA50-BCDAE16FCB8B}.Release|Any CPU.ActiveCfg = Release|Any CPU
		{A85E9057-7305-4FB0-AA50-BCDAE16FCB8B}.Release|Any CPU.Build.0 = Release|Any CPU
	EndGlobalSection
	GlobalSection(SolutionProperties) = preSolution
		HideSolutionNode = FALSE
	EndGlobalSection
	GlobalSection(ExtensibilityGlobals) = postSolution
		SolutionGuid = {F538C37F-D859-4C35-AB0A-C63ED71F0848}
	EndGlobalSection
EndGlobal
