
Microsoft Visual Studio Solution File, Format Version 12.00
# Visual Studio Version 17
VisualStudioVersion = 17.4.33205.214
MinimumVisualStudioVersion = 10.0.40219.1
Project("{FAE04EC0-301F-11D3-BF4B-00C04F79EFBC}") = "Lab28_Aksana.Patrubeika_WebAPI", "Lab28_Aksana.Patrubeika_WebAPI\Lab28_Aksana.Patrubeika_WebAPI.csproj", "{1A90DC30-3AB9-4BC9-8D24-5BD6E4C29884}"
EndProject
Global
	GlobalSection(SolutionConfigurationPlatforms) = preSolution
		Debug|Any CPU = Debug|Any CPU
		Release|Any CPU = Release|Any CPU
	EndGlobalSection
	GlobalSection(ProjectConfigurationPlatforms) = postSolution
		{1A90DC30-3AB9-4BC9-8D24-5BD6E4C29884}.Debug|Any CPU.ActiveCfg = Debug|Any CPU
		{1A90DC30-3AB9-4BC9-8D24-5BD6E4C29884}.Debug|Any CPU.Build.0 = Debug|Any CPU
		{1A90DC30-3AB9-4BC9-8D24-5BD6E4C29884}.Release|Any CPU.ActiveCfg = Release|Any CPU
		{1A90DC30-3AB9-4BC9-8D24-5BD6E4C29884}.Release|Any CPU.Build.0 = Release|Any CPU
	EndGlobalSection
	GlobalSection(SolutionProperties) = preSolution
		HideSolutionNode = FALSE
	EndGlobalSection
	GlobalSection(ExtensibilityGlobals) = postSolution
		SolutionGuid = {6FDC09A2-C597-44EA-BBA6-7AC2D8759F5C}
	EndGlobalSection
EndGlobal
