
Microsoft Visual Studio Solution File, Format Version 12.00
# Visual Studio Version 17
VisualStudioVersion = 17.4.33205.214
MinimumVisualStudioVersion = 10.0.40219.1
Project("{FAE04EC0-301F-11D3-BF4B-00C04F79EFBC}") = "Lab15_Aksana.Patrubeika_Controllers", "Lab15_Aksana.Patrubeika_Controllers\Lab15_Aksana.Patrubeika_Controllers.csproj", "{A8C6C713-7B25-4132-A3F1-FBD7C72DFF24}"
EndProject
Global
	GlobalSection(SolutionConfigurationPlatforms) = preSolution
		Debug|Any CPU = Debug|Any CPU
		Release|Any CPU = Release|Any CPU
	EndGlobalSection
	GlobalSection(ProjectConfigurationPlatforms) = postSolution
		{A8C6C713-7B25-4132-A3F1-FBD7C72DFF24}.Debug|Any CPU.ActiveCfg = Debug|Any CPU
		{A8C6C713-7B25-4132-A3F1-FBD7C72DFF24}.Debug|Any CPU.Build.0 = Debug|Any CPU
		{A8C6C713-7B25-4132-A3F1-FBD7C72DFF24}.Release|Any CPU.ActiveCfg = Release|Any CPU
		{A8C6C713-7B25-4132-A3F1-FBD7C72DFF24}.Release|Any CPU.Build.0 = Release|Any CPU
	EndGlobalSection
	GlobalSection(SolutionProperties) = preSolution
		HideSolutionNode = FALSE
	EndGlobalSection
	GlobalSection(ExtensibilityGlobals) = postSolution
		SolutionGuid = {81264850-A0C0-4DD6-A723-F1C8BAD03FA0}
	EndGlobalSection
EndGlobal
